
Microsoft Visual Studio Solution File, Format Version 12.00
Project("{FAE04EC0-301F-11D3-BF4B-00C04F79EFBC}") = "Arkanoid", "Arkanoid\Arkanoid.csproj", "{EE1E9344-62F0-42F3-81BD-923315220E87}"
EndProject
Global
	GlobalSection(SolutionConfigurationPlatforms) = preSolution
		Debug|Any CPU = Debug|Any CPU
		Release|Any CPU = Release|Any CPU
	EndGlobalSection
	GlobalSection(ProjectConfigurationPlatforms) = postSolution
		{EE1E9344-62F0-42F3-81BD-923315220E87}.Debug|Any CPU.ActiveCfg = Debug|Any CPU
		{EE1E9344-62F0-42F3-81BD-923315220E87}.Debug|Any CPU.Build.0 = Debug|Any CPU
		{EE1E9344-62F0-42F3-81BD-923315220E87}.Release|Any CPU.ActiveCfg = Release|Any CPU
		{EE1E9344-62F0-42F3-81BD-923315220E87}.Release|Any CPU.Build.0 = Release|Any CPU
	EndGlobalSection
EndGlobal
